
Microsoft Visual Studio Solution File, Format Version 12.00
# Visual Studio 15
VisualStudioVersion = 15.0.27428.2005
MinimumVisualStudioVersion = 10.0.40219.1
Project("{9A19103F-16F7-4668-BE54-9A1E7A4F7556}") = "Ghk.MultiTargeting", "Ghk.MultiTargeting\Ghk.MultiTargeting.csproj", "{DB482A2D-452C-4228-9960-320221D4D035}"
EndProject
Project("{2150E333-8FDC-42A3-9474-1A3956D46DE8}") = "src", "src", "{149E1A96-2AA4-4532-9BF0-2A20DB815CF3}"
EndProject
Project("{2150E333-8FDC-42A3-9474-1A3956D46DE8}") = "misc", "misc", "{B610EB72-FA44-483B-8C6D-2261158C103F}"
	ProjectSection(SolutionItems) = preProject
		Directory.build.props = Directory.build.props
		Directory.build.targets = Directory.build.targets
		Ghk.MultiTargeting.sln.DotSettings = Ghk.MultiTargeting.sln.DotSettings
		GlobalSuppressions.cs = GlobalSuppressions.cs
		nuget.config = nuget.config
		SolutionAssemblyInfo.cs = SolutionAssemblyInfo.cs
	EndProjectSection
EndProject
Project("{FAE04EC0-301F-11D3-BF4B-00C04F79EFBC}") = "Ghk.MultiTargeting.Example", "Ghk.MultiTargeting.Example\Ghk.MultiTargeting.Example.csproj", "{68CBC3B8-1670-45C3-87B7-7FEDBD187F0E}"
EndProject
Global
	GlobalSection(SolutionConfigurationPlatforms) = preSolution
		Debug|Any CPU = Debug|Any CPU
		Release|Any CPU = Release|Any CPU
	EndGlobalSection
	GlobalSection(ProjectConfigurationPlatforms) = postSolution
		{DB482A2D-452C-4228-9960-320221D4D035}.Debug|Any CPU.ActiveCfg = Debug|Any CPU
		{DB482A2D-452C-4228-9960-320221D4D035}.Debug|Any CPU.Build.0 = Debug|Any CPU
		{DB482A2D-452C-4228-9960-320221D4D035}.Release|Any CPU.ActiveCfg = Release|Any CPU
		{DB482A2D-452C-4228-9960-320221D4D035}.Release|Any CPU.Build.0 = Release|Any CPU
		{68CBC3B8-1670-45C3-87B7-7FEDBD187F0E}.Debug|Any CPU.ActiveCfg = Debug|Any CPU
		{68CBC3B8-1670-45C3-87B7-7FEDBD187F0E}.Debug|Any CPU.Build.0 = Debug|Any CPU
		{68CBC3B8-1670-45C3-87B7-7FEDBD187F0E}.Release|Any CPU.ActiveCfg = Release|Any CPU
		{68CBC3B8-1670-45C3-87B7-7FEDBD187F0E}.Release|Any CPU.Build.0 = Release|Any CPU
	EndGlobalSection
	GlobalSection(SolutionProperties) = preSolution
		HideSolutionNode = FALSE
	EndGlobalSection
	GlobalSection(NestedProjects) = preSolution
		{DB482A2D-452C-4228-9960-320221D4D035} = {149E1A96-2AA4-4532-9BF0-2A20DB815CF3}
		{68CBC3B8-1670-45C3-87B7-7FEDBD187F0E} = {149E1A96-2AA4-4532-9BF0-2A20DB815CF3}
	EndGlobalSection
	GlobalSection(ExtensibilityGlobals) = postSolution
		SolutionGuid = {72DD923D-EBAB-4380-83B3-849CEC168B35}
	EndGlobalSection
EndGlobal
